{
    "name": "brain",
    "version": "1.0.1",
    "lockfileVersion": 1,
    "requires": true,
    "dependencies": {
        "ansi-escape-sequences": {
            "version": "3.0.0",
            "resolved": "https://registry.npmjs.org/ansi-escape-sequences/-/ansi-escape-sequences-3.0.0.tgz",
            "integrity": "sha1-HBg5S2r5t2/5pjUJ+kl2af0s5T4=",
            "requires": {
                "array-back": "1.0.4"
            }
        },
        "array-back": {
            "version": "1.0.4",
            "resolved": "https://registry.npmjs.org/array-back/-/array-back-1.0.4.tgz",
            "integrity": "sha1-ZEun8JX3/898Q7Xw3DnTwfA8Bjs=",
            "requires": {
                "typical": "2.6.1"
            }
        },
        "command-line-args": {
            "version": "3.0.5",
            "resolved": "https://registry.npmjs.org/command-line-args/-/command-line-args-3.0.5.tgz",
            "integrity": "sha1-W9StReeYPlwTRJGOQCgO4mk8WsA=",
            "requires": {
                "array-back": "1.0.4",
                "feature-detect-es6": "1.4.0",
                "find-replace": "1.0.3",
                "typical": "2.6.1"
            }
        },
        "command-line-usage": {
            "version": "3.0.8",
            "resolved": "https://registry.npmjs.org/command-line-usage/-/command-line-usage-3.0.8.tgz",
            "integrity": "sha1-tqIJeMGzg0d/XBGlKUKLiAv+D00=",
            "requires": {
                "ansi-escape-sequences": "3.0.0",
                "array-back": "1.0.4",
                "feature-detect-es6": "1.4.0",
                "table-layout": "0.3.0",
                "typical": "2.6.1"
            }
        },
        "core-js": {
            "version": "2.5.3",
            "resolved": "https://registry.npmjs.org/core-js/-/core-js-2.5.3.tgz",
            "integrity": "sha1-isw4NFgk8W2DZbfJtCWRaOjtYD4="
        },
        "deep-extend": {
            "version": "0.4.2",
            "resolved": "https://registry.npmjs.org/deep-extend/-/deep-extend-0.4.2.tgz",
            "integrity": "sha1-SLaZwn4zS/ifEIkr5DL25MfTSn8="
        },
        "feature-detect-es6": {
            "version": "1.4.0",
            "resolved": "https://registry.npmjs.org/feature-detect-es6/-/feature-detect-es6-1.4.0.tgz",
            "integrity": "sha512-7OnRV38WLydGuGcdm/fGk2SG9uo5ljslBSbPhCfEW5Gl0lX/IliaAVXYiYUBcI0UHTbepqO4T1SkJ74K8gtcDg==",
            "requires": {
                "array-back": "1.0.4"
            }
        },
        "find-replace": {
            "version": "1.0.3",
            "resolved": "https://registry.npmjs.org/find-replace/-/find-replace-1.0.3.tgz",
            "integrity": "sha1-uI5zZNLZyVlVnziMZmcNYTBEH6A=",
            "requires": {
                "array-back": "1.0.4",
                "test-value": "2.1.0"
            }
        },
        "node-wifi": {
            "version": "2.0.4",
            "resolved": "https://registry.npmjs.org/node-wifi/-/node-wifi-2.0.4.tgz",
            "integrity": "sha1-jYy+ZkID/+GVHZvJFpnFy2tEHtA=",
            "requires": {
                "command-line-args": "3.0.5",
                "command-line-usage": "3.0.8"
            }
        },
        "reduce-flatten": {
            "version": "1.0.1",
            "resolved": "https://registry.npmjs.org/reduce-flatten/-/reduce-flatten-1.0.1.tgz",
            "integrity": "sha1-JYx479FT3fk8tWEjf2EYTzaW4yc="
        },
        "table-layout": {
            "version": "0.3.0",
            "resolved": "https://registry.npmjs.org/table-layout/-/table-layout-0.3.0.tgz",
            "integrity": "sha1-buINxIPbNxs+XIf3BO0vfHmdLJo=",
            "requires": {
                "array-back": "1.0.4",
                "core-js": "2.5.3",
                "deep-extend": "0.4.2",
                "feature-detect-es6": "1.4.0",
                "typical": "2.6.1",
                "wordwrapjs": "2.0.0"
            }
        },
        "test-value": {
            "version": "2.1.0",
            "resolved": "https://registry.npmjs.org/test-value/-/test-value-2.1.0.tgz",
            "integrity": "sha1-Edpv9nDzRxpztiXKTz/c97t0gpE=",
            "requires": {
                "array-back": "1.0.4",
                "typical": "2.6.1"
            }
        },
        "typical": {
            "version": "2.6.1",
            "resolved": "https://registry.npmjs.org/typical/-/typical-2.6.1.tgz",
            "integrity": "sha1-XAgOXWYcu+OCWdLnCjxyU+hziB0="
        },
        "wordwrapjs": {
            "version": "2.0.0",
            "resolved": "https://registry.npmjs.org/wordwrapjs/-/wordwrapjs-2.0.0.tgz",
            "integrity": "sha1-q1X2leYRjak4WP3XDAU9HF4BrCA=",
            "requires": {
                "array-back": "1.0.4",
                "feature-detect-es6": "1.4.0",
                "reduce-flatten": "1.0.1",
                "typical": "2.6.1"
            }
        }
    }
}
